
Microsoft Visual Studio Solution File, Format Version 12.00
# Visual Studio 15
VisualStudioVersion = 15.0.28307.705
MinimumVisualStudioVersion = 10.0.40219.1
Project("{FAE04EC0-301F-11D3-BF4B-00C04F79EFBC}") = "SBCloudAFM_FECons", "SBCloudAFM_FECons\SBCloudAFM_FECons.csproj", "{663AB247-73A3-466E-8C28-2AF49B3E943D}"
EndProject
Global
	GlobalSection(SolutionConfigurationPlatforms) = preSolution
		Debug|Any CPU = Debug|Any CPU
		Release|Any CPU = Release|Any CPU
	EndGlobalSection
	GlobalSection(ProjectConfigurationPlatforms) = postSolution
		{663AB247-73A3-466E-8C28-2AF49B3E943D}.Debug|Any CPU.ActiveCfg = Debug|Any CPU
		{663AB247-73A3-466E-8C28-2AF49B3E943D}.Debug|Any CPU.Build.0 = Debug|Any CPU
		{663AB247-73A3-466E-8C28-2AF49B3E943D}.Release|Any CPU.ActiveCfg = Release|Any CPU
		{663AB247-73A3-466E-8C28-2AF49B3E943D}.Release|Any CPU.Build.0 = Release|Any CPU
	EndGlobalSection
	GlobalSection(SolutionProperties) = preSolution
		HideSolutionNode = FALSE
	EndGlobalSection
	GlobalSection(ExtensibilityGlobals) = postSolution
		SolutionGuid = {C805D0BE-0212-4388-B897-726A4A057399}
	EndGlobalSection
EndGlobal
